
Microsoft Visual Studio Solution File, Format Version 12.00
# Visual Studio Version 17
VisualStudioVersion = 17.7.34031.279
MinimumVisualStudioVersion = 10.0.40219.1
Project("{FAE04EC0-301F-11D3-BF4B-00C04F79EFBC}") = "ConsoleApp", "ConsoleApp\ConsoleApp.csproj", "{1FACB781-7D61-42AE-A301-9FCA4464DCBD}"
EndProject
Project("{FAE04EC0-301F-11D3-BF4B-00C04F79EFBC}") = "ClassLibrary1", "ClassLibrary1\ClassLibrary1.csproj", "{5FEC0591-10FB-4249-955F-2940024E1BA8}"
EndProject
Global
	GlobalSection(SolutionConfigurationPlatforms) = preSolution
		Debug|Any CPU = Debug|Any CPU
		Release|Any CPU = Release|Any CPU
	EndGlobalSection
	GlobalSection(ProjectConfigurationPlatforms) = postSolution
		{1FACB781-7D61-42AE-A301-9FCA4464DCBD}.Debug|Any CPU.ActiveCfg = Debug|Any CPU
		{1FACB781-7D61-42AE-A301-9FCA4464DCBD}.Debug|Any CPU.Build.0 = Debug|Any CPU
		{1FACB781-7D61-42AE-A301-9FCA4464DCBD}.Release|Any CPU.ActiveCfg = Release|Any CPU
		{1FACB781-7D61-42AE-A301-9FCA4464DCBD}.Release|Any CPU.Build.0 = Release|Any CPU
		{5FEC0591-10FB-4249-955F-2940024E1BA8}.Debug|Any CPU.ActiveCfg = Debug|Any CPU
		{5FEC0591-10FB-4249-955F-2940024E1BA8}.Debug|Any CPU.Build.0 = Debug|Any CPU
		{5FEC0591-10FB-4249-955F-2940024E1BA8}.Release|Any CPU.ActiveCfg = Release|Any CPU
		{5FEC0591-10FB-4249-955F-2940024E1BA8}.Release|Any CPU.Build.0 = Release|Any CPU
	EndGlobalSection
	GlobalSection(SolutionProperties) = preSolution
		HideSolutionNode = FALSE
	EndGlobalSection
	GlobalSection(ExtensibilityGlobals) = postSolution
		SolutionGuid = {07F04646-DC91-45ED-8771-F0E1D350CF04}
	EndGlobalSection
EndGlobal
